// !$*UTF8*$!
{
	archiveVersion = 1;
	classes = {
	};
	objectVersion = 46;
	objects = {

/* Begin PBXBuildFile section */
		3308FA681E81CF3E0002F8EB /* AppDelegate.swift in Sources */ = {isa = PBXBuildFile; fileRef = 3308FA671E81CF3E0002F8EB /* AppDelegate.swift */; };
		3308FA6A1E81CF3E0002F8EB /* ViewController.swift in Sources */ = {isa = PBXBuildFile; fileRef = 3308FA691E81CF3E0002F8EB /* ViewController.swift */; };
		3308FA6D1E81CF3E0002F8EB /* Main.storyboard in Resources */ = {isa = PBXBuildFile; fileRef = 3308FA6B1E81CF3E0002F8EB /* Main.storyboard */; };
		3308FA6F1E81CF3E0002F8EB /* Assets.xcassets in Resources */ = {isa = PBXBuildFile; fileRef = 3308FA6E1E81CF3E0002F8EB /* Assets.xcassets */; };
		3308FA721E81CF3E0002F8EB /* LaunchScreen.storyboard in Resources */ = {isa = PBXBuildFile; fileRef = 3308FA701E81CF3E0002F8EB /* LaunchScreen.storyboard */; };
		3308FA7D1E81D0D70002F8EB /* libxml2.2.tbd in Frameworks */ = {isa = PBXBuildFile; fileRef = 3308FA7C1E81D0D70002F8EB /* libxml2.2.tbd */; };
		33CD06C81E81D9ED00229C11 /* AZSClient.framework in Frameworks */ = {isa = PBXBuildFile; fileRef = 33CD06C71E81D9ED00229C11 /* AZSClient.framework */; };
		33CD06CA1E81F0CD00229C11 /* CONSTANTS.swift in Sources */ = {isa = PBXBuildFile; fileRef = 33CD06C91E81F0CD00229C11 /* CONSTANTS.swift */; };
/* End PBXBuildFile section */

/* Begin PBXFileReference section */
		3308FA641E81CF3E0002F8EB /* AzurePlayground.app */ = {isa = PBXFileReference; explicitFileType = wrapper.application; includeInIndex = 0; path = AzurePlayground.app; sourceTree = BUILT_PRODUCTS_DIR; };
		3308FA671E81CF3E0002F8EB /* AppDelegate.swift */ = {isa = PBXFileReference; lastKnownFileType = sourcecode.swift; path = AppDelegate.swift; sourceTree = "<group>"; };
		3308FA691E81CF3E0002F8EB /* ViewController.swift */ = {isa = PBXFileReference; lastKnownFileType = sourcecode.swift; path = ViewController.swift; sourceTree = "<group>"; };
		3308FA6C1E81CF3E0002F8EB /* Base */ = {isa = PBXFileReference; lastKnownFileType = file.storyboard; name = Base; path = Base.lproj/Main.storyboard; sourceTree = "<group>"; };
		3308FA6E1E81CF3E0002F8EB /* Assets.xcassets */ = {isa = PBXFileReference; lastKnownFileType = folder.assetcatalog; path = Assets.xcassets; sourceTree = "<group>"; };
		3308FA711E81CF3E0002F8EB /* Base */ = {isa = PBXFileReference; lastKnownFileType = file.storyboard; name = Base; path = Base.lproj/LaunchScreen.storyboard; sourceTree = "<group>"; };
		3308FA731E81CF3E0002F8EB /* Info.plist */ = {isa = PBXFileReference; lastKnownFileType = text.plist.xml; path = Info.plist; sourceTree = "<group>"; };
		3308FA7C1E81D0D70002F8EB /* libxml2.2.tbd */ = {isa = PBXFileReference; lastKnownFileType = "sourcecode.text-based-dylib-definition"; name = libxml2.2.tbd; path = usr/lib/libxml2.2.tbd; sourceTree = SDKROOT; };
		3308FA7E1E81D1E50002F8EB /* AzurePlayground-Bridging-Header.h */ = {isa = PBXFileReference; lastKnownFileType = sourcecode.c.h; path = "AzurePlayground-Bridging-Header.h"; sourceTree = SOURCE_ROOT; };
		33CD06C71E81D9ED00229C11 /* AZSClient.framework */ = {isa = PBXFileReference; lastKnownFileType = wrapper.framework; path = AZSClient.framework; sourceTree = "<group>"; };
		33CD06C91E81F0CD00229C11 /* CONSTANTS.swift */ = {isa = PBXFileReference; fileEncoding = 4; lastKnownFileType = sourcecode.swift; path = CONSTANTS.swift; sourceTree = "<group>"; };
/* End PBXFileReference section */

/* Begin PBXFrameworksBuildPhase section */
		3308FA611E81CF3E0002F8EB /* Frameworks */ = {
			isa = PBXFrameworksBuildPhase;
			buildActionMask = 2147483647;
			files = (
				33CD06C81E81D9ED00229C11 /* AZSClient.framework in Frameworks */,
				3308FA7D1E81D0D70002F8EB /* libxml2.2.tbd in Frameworks */,
			);
			runOnlyForDeploymentPostprocessing = 0;
		};
/* End PBXFrameworksBuildPhase section */

/* Begin PBXGroup section */
		3308FA5B1E81CF3D0002F8EB = {
			isa = PBXGroup;
			children = (
				3308FA661E81CF3E0002F8EB /* AzurePlayground */,
				3308FA791E81D0940002F8EB /* Frameworks */,
				3308FA651E81CF3E0002F8EB /* Products */,
			);
			sourceTree = "<group>";
		};
		3308FA651E81CF3E0002F8EB /* Products */ = {
			isa = PBXGroup;
			children = (
				3308FA641E81CF3E0002F8EB /* AzurePlayground.app */,
			);
			name = Products;
			sourceTree = "<group>";
		};
		3308FA661E81CF3E0002F8EB /* AzurePlayground */ = {
			isa = PBXGroup;
			children = (
				3308FA7E1E81D1E50002F8EB /* AzurePlayground-Bridging-Header.h */,
				3308FA671E81CF3E0002F8EB /* AppDelegate.swift */,
				3308FA691E81CF3E0002F8EB /* ViewController.swift */,
				3308FA6B1E81CF3E0002F8EB /* Main.storyboard */,
				3308FA6E1E81CF3E0002F8EB /* Assets.xcassets */,
				3308FA701E81CF3E0002F8EB /* LaunchScreen.storyboard */,
				3308FA731E81CF3E0002F8EB /* Info.plist */,
				33CD06C91E81F0CD00229C11 /* CONSTANTS.swift */,
			);
			path = AzurePlayground;
			sourceTree = "<group>";
		};
		3308FA791E81D0940002F8EB /* Frameworks */ = {
			isa = PBXGroup;
			children = (
				33CD06C71E81D9ED00229C11 /* AZSClient.framework */,
				3308FA7C1E81D0D70002F8EB /* libxml2.2.tbd */,
			);
			name = Frameworks;
			sourceTree = "<group>";
		};
/* End PBXGroup section */

/* Begin PBXNativeTarget section */
		3308FA631E81CF3E0002F8EB /* AzurePlayground */ = {
			isa = PBXNativeTarget;
			buildConfigurationList = 3308FA761E81CF3E0002F8EB /* Build configuration list for PBXNativeTarget "AzurePlayground" */;
			buildPhases = (
				3308FA601E81CF3E0002F8EB /* Sources */,
				3308FA611E81CF3E0002F8EB /* Frameworks */,
				3308FA621E81CF3E0002F8EB /* Resources */,
			);
			buildRules = (
			);
			dependencies = (
			);
			name = AzurePlayground;
			productName = AzurePlayground;
			productReference = 3308FA641E81CF3E0002F8EB /* AzurePlayground.app */;
			productType = "com.apple.product-type.application";
		};
/* End PBXNativeTarget section */

/* Begin PBXProject section */
		3308FA5C1E81CF3D0002F8EB /* Project object */ = {
			isa = PBXProject;
			attributes = {
				LastSwiftUpdateCheck = 0820;
				LastUpgradeCheck = 0820;
				ORGANIZATIONNAME = ERISCO;
				TargetAttributes = {
					3308FA631E81CF3E0002F8EB = {
						CreatedOnToolsVersion = 8.2.1;
						DevelopmentTeam = 42UB6JE5FK;
						LastSwiftMigration = 0820;
						ProvisioningStyle = Automatic;
					};
				};
			};
			buildConfigurationList = 3308FA5F1E81CF3D0002F8EB /* Build configuration list for PBXProject "AzurePlayground" */;
			compatibilityVersion = "Xcode 3.2";
			developmentRegion = English;
			hasScannedForEncodings = 0;
			knownRegions = (
				en,
				Base,
			);
			mainGroup = 3308FA5B1E81CF3D0002F8EB;
			productRefGroup = 3308FA651E81CF3E0002F8EB /* Products */;
			projectDirPath = "";
			projectRoot = "";
			targets = (
				3308FA631E81CF3E0002F8EB /* AzurePlayground */,
			);
		};
/* End PBXProject section */

/* Begin PBXResourcesBuildPhase section */
		3308FA621E81CF3E0002F8EB /* Resources */ = {
			isa = PBXResourcesBuildPhase;
			buildActionMask = 2147483647;
			files = (
				3308FA721E81CF3E0002F8EB /* LaunchScreen.storyboard in Resources */,
				3308FA6F1E81CF3E0002F8EB /* Assets.xcassets in Resources */,
				3308FA6D1E81CF3E0002F8EB /* Main.storyboard in Resources */,
			);
			runOnlyForDeploymentPostprocessing = 0;
		};
/* End PBXResourcesBuildPhase section */

/* Begin PBXSourcesBuildPhase section */
		3308FA601E81CF3E0002F8EB /* Sources */ = {
			isa = PBXSourcesBuildPhase;
			buildActionMask = 2147483647;
			files = (
				3308FA6A1E81CF3E0002F8EB /* ViewController.swift in Sources */,
				33CD06CA1E81F0CD00229C11 /* CONSTANTS.swift in Sources */,
				3308FA681E81CF3E0002F8EB /* AppDelegate.swift in Sources */,
			);
			runOnlyForDeploymentPostprocessing = 0;
		};
/* End PBXSourcesBuildPhase section */

/* Begin PBXVariantGroup section */
		3308FA6B1E81CF3E0002F8EB /* Main.storyboard */ = {
			isa = PBXVariantGroup;
			children = (
				3308FA6C1E81CF3E0002F8EB /* Base */,
			);
			name = Main.storyboard;
			sourceTree = "<group>";
		};
		3308FA701E81CF3E0002F8EB /* LaunchScreen.storyboard */ = {
			isa = PBXVariantGroup;
			children = (
				3308FA711E81CF3E0002F8EB /* Base */,
			);
			name = LaunchScreen.storyboard;
			sourceTree = "<group>";
		};
/* End PBXVariantGroup section */

/* Begin XCBuildConfiguration section */
		3308FA741E81CF3E0002F8EB /* Debug */ = {
			isa = XCBuildConfiguration;
			buildSettings = {
				ALWAYS_SEARCH_USER_PATHS = NO;
				CLANG_ANALYZER_NONNULL = YES;
				CLANG_CXX_LANGUAGE_STANDARD = "gnu++0x";
				CLANG_CXX_LIBRARY = "libc++";
				CLANG_ENABLE_MODULES = YES;
				CLANG_ENABLE_OBJC_ARC = YES;
				CLANG_WARN_BOOL_CONVERSION = YES;
				CLANG_WARN_CONSTANT_CONVERSION = YES;
				CLANG_WARN_DIRECT_OBJC_ISA_USAGE = YES_ERROR;
				CLANG_WARN_DOCUMENTATION_COMMENTS = YES;
				CLANG_WARN_EMPTY_BODY = YES;
				CLANG_WARN_ENUM_CONVERSION = YES;
				CLANG_WARN_INFINITE_RECURSION = YES;
				CLANG_WARN_INT_CONVERSION = YES;
				CLANG_WARN_OBJC_ROOT_CLASS = YES_ERROR;
				CLANG_WARN_SUSPICIOUS_MOVE = YES;
				CLANG_WARN_UNREACHABLE_CODE = YES;
				CLANG_WARN__DUPLICATE_METHOD_MATCH = YES;
				"CODE_SIGN_IDENTITY[sdk=iphoneos*]" = "iPhone Developer";
				COPY_PHASE_STRIP = NO;
				DEBUG_INFORMATION_FORMAT = dwarf;
				ENABLE_STRICT_OBJC_MSGSEND = YES;
				ENABLE_TESTABILITY = YES;
				GCC_C_LANGUAGE_STANDARD = gnu99;
				GCC_DYNAMIC_NO_PIC = NO;
				GCC_NO_COMMON_BLOCKS = YES;
				GCC_OPTIMIZATION_LEVEL = 0;
				GCC_PREPROCESSOR_DEFINITIONS = (
					"DEBUG=1",
					"$(inherited)",
				);
				GCC_WARN_64_TO_32_BIT_CONVERSION = YES;
				GCC_WARN_ABOUT_RETURN_TYPE = YES_ERROR;
				GCC_WARN_UNDECLARED_SELECTOR = YES;
				GCC_WARN_UNINITIALIZED_AUTOS = YES_AGGRESSIVE;
				GCC_WARN_UNUSED_FUNCTION = YES;
				GCC_WARN_UNUSED_VARIABLE = YES;
				IPHONEOS_DEPLOYMENT_TARGET = 10.2;
				MTL_ENABLE_DEBUG_INFO = YES;
				ONLY_ACTIVE_ARCH = YES;
				SDKROOT = iphoneos;
				SWIFT_ACTIVE_COMPILATION_CONDITIONS = DEBUG;
				SWIFT_OPTIMIZATION_LEVEL = "-Onone";
				TARGETED_DEVICE_FAMILY = "1,2";
			};
			name = Debug;
		};
		3308FA751E81CF3E0002F8EB /* Release */ = {
			isa = XCBuildConfiguration;
			buildSettings = {
				ALWAYS_SEARCH_USER_PATHS = NO;
				CLANG_ANALYZER_NONNULL = YES;
				CLANG_CXX_LANGUAGE_STANDARD = "gnu++0x";
				CLANG_CXX_LIBRARY = "libc++";
				CLANG_ENABLE_MODULES = YES;
				CLANG_ENABLE_OBJC_ARC = YES;
				CLANG_WARN_BOOL_CONVERSION = YES;
				CLANG_WARN_CONSTANT_CONVERSION = YES;
				CLANG_WARN_DIRECT_OBJC_ISA_USAGE = YES_ERROR;
				CLANG_WARN_DOCUMENTATION_COMMENTS = YES;
				CLANG_WARN_EMPTY_BODY = YES;
				CLANG_WARN_ENUM_CONVERSION = YES;
				CLANG_WARN_INFINITE_RECURSION = YES;
				CLANG_WARN_INT_CONVERSION = YES;
				CLANG_WARN_OBJC_ROOT_CLASS = YES_ERROR;
				CLANG_WARN_SUSPICIOUS_MOVE = YES;
				CLANG_WARN_UNREACHABLE_CODE = YES;
				CLANG_WARN__DUPLICATE_METHOD_MATCH = YES;
				"CODE_SIGN_IDENTITY[sdk=iphoneos*]" = "iPhone Developer";
				COPY_PHASE_STRIP = NO;
				DEBUG_INFORMATION_FORMAT = "dwarf-with-dsym";
				ENABLE_NS_ASSERTIONS = NO;
				ENABLE_STRICT_OBJC_MSGSEND = YES;
				GCC_C_LANGUAGE_STANDARD = gnu99;
				GCC_NO_COMMON_BLOCKS = YES;
				GCC_WARN_64_TO_32_BIT_CONVERSION = YES;
				GCC_WARN_ABOUT_RETURN_TYPE = YES_ERROR;
				GCC_WARN_UNDECLARED_SELECTOR = YES;
				GCC_WARN_UNINITIALIZED_AUTOS = YES_AGGRESSIVE;
				GCC_WARN_UNUSED_FUNCTION = YES;
				GCC_WARN_UNUSED_VARIABLE = YES;
				IPHONEOS_DEPLOYMENT_TARGET = 10.2;
				MTL_ENABLE_DEBUG_INFO = NO;
				SDKROOT = iphoneos;
				SWIFT_OPTIMIZATION_LEVEL = "-Owholemodule";
				TARGETED_DEVICE_FAMILY = "1,2";
				VALIDATE_PRODUCT = YES;
			};
			name = Release;
		};
		3308FA771E81CF3E0002F8EB /* Debug */ = {
			isa = XCBuildConfiguration;
			buildSettings = {
				ASSETCATALOG_COMPILER_APPICON_NAME = AppIcon;
				CLANG_ENABLE_MODULES = YES;
				DEVELOPMENT_TEAM = 42UB6JE5FK;
				FRAMEWORK_SEARCH_PATHS = (
					"$(inherited)",
					"$(SDKROOT)/../../../../../../../../../Users/erisco/Desktop",
					"$(PROJECT_DIR)",
				);
				INFOPLIST_FILE = AzurePlayground/Info.plist;
				IPHONEOS_DEPLOYMENT_TARGET = 10.2;
				LD_RUNPATH_SEARCH_PATHS = "$(inherited) @executable_path/Frameworks";
				PRODUCT_BUNDLE_IDENTIFIER = and.erisco.AzurePlayground;
				PRODUCT_NAME = "$(TARGET_NAME)";
				SWIFT_OBJC_BRIDGING_HEADER = "AzurePlayground-Bridging-Header.h";
				SWIFT_OPTIMIZATION_LEVEL = "-Onone";
				SWIFT_VERSION = 3.0;
			};
			name = Debug;
		};
		3308FA781E81CF3E0002F8EB /* Release */ = {
			isa = XCBuildConfiguration;
			buildSettings = {
				ASSETCATALOG_COMPILER_APPICON_NAME = AppIcon;
				CLANG_ENABLE_MODULES = YES;
				DEVELOPMENT_TEAM = 42UB6JE5FK;
				FRAMEWORK_SEARCH_PATHS = (
					"$(inherited)",
					"$(SDKROOT)/../../../../../../../../../Users/erisco/Desktop",
					"$(PROJECT_DIR)",
				);
				INFOPLIST_FILE = AzurePlayground/Info.plist;
				IPHONEOS_DEPLOYMENT_TARGET = 10.2;
				LD_RUNPATH_SEARCH_PATHS = "$(inherited) @executable_path/Frameworks";
				PRODUCT_BUNDLE_IDENTIFIER = and.erisco.AzurePlayground;
				PRODUCT_NAME = "$(TARGET_NAME)";
				SWIFT_OBJC_BRIDGING_HEADER = "AzurePlayground-Bridging-Header.h";
				SWIFT_VERSION = 3.0;
			};
			name = Release;
		};
/* End XCBuildConfiguration section */

/* Begin XCConfigurationList section */
		3308FA5F1E81CF3D0002F8EB /* Build configuration list for PBXProject "AzurePlayground" */ = {
			isa = XCConfigurationList;
			buildConfigurations = (
				3308FA741E81CF3E0002F8EB /* Debug */,
				3308FA751E81CF3E0002F8EB /* Release */,
			);
			defaultConfigurationIsVisible = 0;
			defaultConfigurationName = Release;
		};
		3308FA761E81CF3E0002F8EB /* Build configuration list for PBXNativeTarget "AzurePlayground" */ = {
			isa = XCConfigurationList;
			buildConfigurations = (
				3308FA771E81CF3E0002F8EB /* Debug */,
				3308FA781E81CF3E0002F8EB /* Release */,
			);
			defaultConfigurationIsVisible = 0;
			defaultConfigurationName = Release;
		};
/* End XCConfigurationList section */
	};
	rootObject = 3308FA5C1E81CF3D0002F8EB /* Project object */;
}
